
Microsoft Visual Studio Solution File, Format Version 12.00
# Visual Studio Version 17
VisualStudioVersion = 17.3.32929.385
MinimumVisualStudioVersion = 10.0.40219.1
Project("{9A19103F-16F7-4668-BE54-9A1E7A4F7556}") = "01.TheHuntingGames", "01.TheHuntingGames\01.TheHuntingGames.csproj", "{06F4127A-3047-4862-8BB1-8A333C075B2A}"
EndProject
Project("{FAE04EC0-301F-11D3-BF4B-00C04F79EFBC}") = "02.FriendListMaintenance", "02.FriendListMaintenance\02.FriendListMaintenance.csproj", "{675201AC-4C45-4488-85B8-130422B627F4}"
EndProject
Project("{FAE04EC0-301F-11D3-BF4B-00C04F79EFBC}") = "03.PhoneShop", "03.PhoneShop\03.PhoneShop.csproj", "{02EF2DFE-0158-42D5-9535-B4B212F40D00}"
EndProject
Global
	GlobalSection(SolutionConfigurationPlatforms) = preSolution
		Debug|Any CPU = Debug|Any CPU
		Release|Any CPU = Release|Any CPU
	EndGlobalSection
	GlobalSection(ProjectConfigurationPlatforms) = postSolution
		{06F4127A-3047-4862-8BB1-8A333C075B2A}.Debug|Any CPU.ActiveCfg = Debug|Any CPU
		{06F4127A-3047-4862-8BB1-8A333C075B2A}.Debug|Any CPU.Build.0 = Debug|Any CPU
		{06F4127A-3047-4862-8BB1-8A333C075B2A}.Release|Any CPU.ActiveCfg = Release|Any CPU
		{06F4127A-3047-4862-8BB1-8A333C075B2A}.Release|Any CPU.Build.0 = Release|Any CPU
		{675201AC-4C45-4488-85B8-130422B627F4}.Debug|Any CPU.ActiveCfg = Debug|Any CPU
		{675201AC-4C45-4488-85B8-130422B627F4}.Debug|Any CPU.Build.0 = Debug|Any CPU
		{675201AC-4C45-4488-85B8-130422B627F4}.Release|Any CPU.ActiveCfg = Release|Any CPU
		{675201AC-4C45-4488-85B8-130422B627F4}.Release|Any CPU.Build.0 = Release|Any CPU
		{02EF2DFE-0158-42D5-9535-B4B212F40D00}.Debug|Any CPU.ActiveCfg = Debug|Any CPU
		{02EF2DFE-0158-42D5-9535-B4B212F40D00}.Debug|Any CPU.Build.0 = Debug|Any CPU
		{02EF2DFE-0158-42D5-9535-B4B212F40D00}.Release|Any CPU.ActiveCfg = Release|Any CPU
		{02EF2DFE-0158-42D5-9535-B4B212F40D00}.Release|Any CPU.Build.0 = Release|Any CPU
	EndGlobalSection
	GlobalSection(SolutionProperties) = preSolution
		HideSolutionNode = FALSE
	EndGlobalSection
	GlobalSection(ExtensibilityGlobals) = postSolution
		SolutionGuid = {01854DC1-8533-4B28-B96B-D3043B7BDC9A}
	EndGlobalSection
EndGlobal
