
Microsoft Visual Studio Solution File, Format Version 12.00
# Visual Studio Version 17
VisualStudioVersion = 17.4.33103.184
MinimumVisualStudioVersion = 10.0.40219.1
Project("{FAE04EC0-301F-11D3-BF4B-00C04F79EFBC}") = "01.ReverseStrings", "01.ReverseStrings\01.ReverseStrings.csproj", "{F9BAE3D2-F83D-48D7-8A20-504FEEDED042}"
EndProject
Project("{FAE04EC0-301F-11D3-BF4B-00C04F79EFBC}") = "02.RepeatStrings", "02.RepeatStrings\02.RepeatStrings.csproj", "{3AFA1B31-B838-42B0-BA94-537A4975B9A0}"
EndProject
Project("{FAE04EC0-301F-11D3-BF4B-00C04F79EFBC}") = "03.Substring", "03.Substring\03.Substring.csproj", "{4AC4BC25-93D8-48AC-86A3-2660E9EF430B}"
EndProject
Project("{FAE04EC0-301F-11D3-BF4B-00C04F79EFBC}") = "04.TextFilter", "04.TextFilter\04.TextFilter.csproj", "{C8E93EA5-A1DA-43D0-84FB-0C0532168CAC}"
EndProject
Project("{FAE04EC0-301F-11D3-BF4B-00C04F79EFBC}") = "05.DigitsLettersAndOther", "05.DigitsLettersAndOther\05.DigitsLettersAndOther.csproj", "{44BA8C39-3B25-45E7-AD8B-2F4A14B6EB1A}"
EndProject
Global
	GlobalSection(SolutionConfigurationPlatforms) = preSolution
		Debug|Any CPU = Debug|Any CPU
		Release|Any CPU = Release|Any CPU
	EndGlobalSection
	GlobalSection(ProjectConfigurationPlatforms) = postSolution
		{F9BAE3D2-F83D-48D7-8A20-504FEEDED042}.Debug|Any CPU.ActiveCfg = Debug|Any CPU
		{F9BAE3D2-F83D-48D7-8A20-504FEEDED042}.Debug|Any CPU.Build.0 = Debug|Any CPU
		{F9BAE3D2-F83D-48D7-8A20-504FEEDED042}.Release|Any CPU.ActiveCfg = Release|Any CPU
		{F9BAE3D2-F83D-48D7-8A20-504FEEDED042}.Release|Any CPU.Build.0 = Release|Any CPU
		{3AFA1B31-B838-42B0-BA94-537A4975B9A0}.Debug|Any CPU.ActiveCfg = Debug|Any CPU
		{3AFA1B31-B838-42B0-BA94-537A4975B9A0}.Debug|Any CPU.Build.0 = Debug|Any CPU
		{3AFA1B31-B838-42B0-BA94-537A4975B9A0}.Release|Any CPU.ActiveCfg = Release|Any CPU
		{3AFA1B31-B838-42B0-BA94-537A4975B9A0}.Release|Any CPU.Build.0 = Release|Any CPU
		{4AC4BC25-93D8-48AC-86A3-2660E9EF430B}.Debug|Any CPU.ActiveCfg = Debug|Any CPU
		{4AC4BC25-93D8-48AC-86A3-2660E9EF430B}.Debug|Any CPU.Build.0 = Debug|Any CPU
		{4AC4BC25-93D8-48AC-86A3-2660E9EF430B}.Release|Any CPU.ActiveCfg = Release|Any CPU
		{4AC4BC25-93D8-48AC-86A3-2660E9EF430B}.Release|Any CPU.Build.0 = Release|Any CPU
		{C8E93EA5-A1DA-43D0-84FB-0C0532168CAC}.Debug|Any CPU.ActiveCfg = Debug|Any CPU
		{C8E93EA5-A1DA-43D0-84FB-0C0532168CAC}.Debug|Any CPU.Build.0 = Debug|Any CPU
		{C8E93EA5-A1DA-43D0-84FB-0C0532168CAC}.Release|Any CPU.ActiveCfg = Release|Any CPU
		{C8E93EA5-A1DA-43D0-84FB-0C0532168CAC}.Release|Any CPU.Build.0 = Release|Any CPU
		{44BA8C39-3B25-45E7-AD8B-2F4A14B6EB1A}.Debug|Any CPU.ActiveCfg = Debug|Any CPU
		{44BA8C39-3B25-45E7-AD8B-2F4A14B6EB1A}.Debug|Any CPU.Build.0 = Debug|Any CPU
		{44BA8C39-3B25-45E7-AD8B-2F4A14B6EB1A}.Release|Any CPU.ActiveCfg = Release|Any CPU
		{44BA8C39-3B25-45E7-AD8B-2F4A14B6EB1A}.Release|Any CPU.Build.0 = Release|Any CPU
	EndGlobalSection
	GlobalSection(SolutionProperties) = preSolution
		HideSolutionNode = FALSE
	EndGlobalSection
	GlobalSection(ExtensibilityGlobals) = postSolution
		SolutionGuid = {DBAE8C9A-CF8E-47E7-9A81-2F2249C613B0}
	EndGlobalSection
EndGlobal
