
Microsoft Visual Studio Solution File, Format Version 12.00
# Visual Studio Version 17
VisualStudioVersion = 17.4.33122.133
MinimumVisualStudioVersion = 10.0.40219.1
Project("{FAE04EC0-301F-11D3-BF4B-00C04F79EFBC}") = "Problem1Hogwarts", "Problem1Hogwarts\Problem1Hogwarts.csproj", "{9B7A450F-99BC-45D2-9C69-973EBA9E49FA}"
EndProject
Project("{FAE04EC0-301F-11D3-BF4B-00C04F79EFBC}") = "Problem2BossRush", "Problem2BossRush\Problem2BossRush.csproj", "{975B8742-6F36-43EC-AC2B-A26E43EA26B8}"
EndProject
Project("{FAE04EC0-301F-11D3-BF4B-00C04F79EFBC}") = "Problem3WildZoo", "Problem3WildZoo\Problem3WildZoo.csproj", "{3390C842-7EA1-44D0-9AF4-1152F3D977CA}"
EndProject
Global
	GlobalSection(SolutionConfigurationPlatforms) = preSolution
		Debug|Any CPU = Debug|Any CPU
		Release|Any CPU = Release|Any CPU
	EndGlobalSection
	GlobalSection(ProjectConfigurationPlatforms) = postSolution
		{9B7A450F-99BC-45D2-9C69-973EBA9E49FA}.Debug|Any CPU.ActiveCfg = Debug|Any CPU
		{9B7A450F-99BC-45D2-9C69-973EBA9E49FA}.Debug|Any CPU.Build.0 = Debug|Any CPU
		{9B7A450F-99BC-45D2-9C69-973EBA9E49FA}.Release|Any CPU.ActiveCfg = Release|Any CPU
		{9B7A450F-99BC-45D2-9C69-973EBA9E49FA}.Release|Any CPU.Build.0 = Release|Any CPU
		{975B8742-6F36-43EC-AC2B-A26E43EA26B8}.Debug|Any CPU.ActiveCfg = Debug|Any CPU
		{975B8742-6F36-43EC-AC2B-A26E43EA26B8}.Debug|Any CPU.Build.0 = Debug|Any CPU
		{975B8742-6F36-43EC-AC2B-A26E43EA26B8}.Release|Any CPU.ActiveCfg = Release|Any CPU
		{975B8742-6F36-43EC-AC2B-A26E43EA26B8}.Release|Any CPU.Build.0 = Release|Any CPU
		{3390C842-7EA1-44D0-9AF4-1152F3D977CA}.Debug|Any CPU.ActiveCfg = Debug|Any CPU
		{3390C842-7EA1-44D0-9AF4-1152F3D977CA}.Debug|Any CPU.Build.0 = Debug|Any CPU
		{3390C842-7EA1-44D0-9AF4-1152F3D977CA}.Release|Any CPU.ActiveCfg = Release|Any CPU
		{3390C842-7EA1-44D0-9AF4-1152F3D977CA}.Release|Any CPU.Build.0 = Release|Any CPU
	EndGlobalSection
	GlobalSection(SolutionProperties) = preSolution
		HideSolutionNode = FALSE
	EndGlobalSection
	GlobalSection(ExtensibilityGlobals) = postSolution
		SolutionGuid = {E681DC9E-B822-4022-B2BD-904B35D4E181}
	EndGlobalSection
EndGlobal
